// !$*UTF8*$!
{
	archiveVersion = 1;
	classes = {
	};
	objectVersion = 51;
	objects = {

/* Begin PBXBuildFile section */
		180E44902384E3AD00A44192 /* Extension.swift in Sources */ = {isa = PBXBuildFile; fileRef = 180E448F2384E3AD00A44192 /* Extension.swift */; };
		180E44D22386447100A44192 /* LoginVC.swift in Sources */ = {isa = PBXBuildFile; fileRef = 180E44D12386447100A44192 /* LoginVC.swift */; };
		181308B42383F35A00BE4F79 /* Album.swift in Sources */ = {isa = PBXBuildFile; fileRef = 181308B32383F35A00BE4F79 /* Album.swift */; };
		181308B62383F63900BE4F79 /* HomeViewModel.swift in Sources */ = {isa = PBXBuildFile; fileRef = 181308B52383F63900BE4F79 /* HomeViewModel.swift */; };
		181F42CF2396507D00621AC8 /* Theaters.swift in Sources */ = {isa = PBXBuildFile; fileRef = 181F42CE2396507D00621AC8 /* Theaters.swift */; };
		185918BB2397FF9A00322BE6 /* SlideMenuController.swift in Sources */ = {isa = PBXBuildFile; fileRef = 185918BA2397FF9A00322BE6 /* SlideMenuController.swift */; };
		185918BE2398053A00322BE6 /* ProfileVC.swift in Sources */ = {isa = PBXBuildFile; fileRef = 185918BC2398053A00322BE6 /* ProfileVC.swift */; };
		185918BF2398053A00322BE6 /* ProfileVC.xib in Resources */ = {isa = PBXBuildFile; fileRef = 185918BD2398053A00322BE6 /* ProfileVC.xib */; };
		185918C1239820F400322BE6 /* Auditoriums.swift in Sources */ = {isa = PBXBuildFile; fileRef = 185918C0239820F400322BE6 /* Auditoriums.swift */; };
		185918C323987EBC00322BE6 /* ScheduleVC.swift in Sources */ = {isa = PBXBuildFile; fileRef = 185918C223987EBC00322BE6 /* ScheduleVC.swift */; };
		185918C52398BAD500322BE6 /* SeatApi.swift in Sources */ = {isa = PBXBuildFile; fileRef = 185918C42398BAD500322BE6 /* SeatApi.swift */; };
		185918C82398ED1200322BE6 /* VideoViewController.swift in Sources */ = {isa = PBXBuildFile; fileRef = 185918C62398ED1200322BE6 /* VideoViewController.swift */; };
		185918C92398ED1200322BE6 /* VideoViewController.xib in Resources */ = {isa = PBXBuildFile; fileRef = 185918C72398ED1200322BE6 /* VideoViewController.xib */; };
		18775E6E2377CA400031CFF0 /* AppDelegate.swift in Sources */ = {isa = PBXBuildFile; fileRef = 18775E6D2377CA400031CFF0 /* AppDelegate.swift */; };
		18775E702377CA400031CFF0 /* SceneDelegate.swift in Sources */ = {isa = PBXBuildFile; fileRef = 18775E6F2377CA400031CFF0 /* SceneDelegate.swift */; };
		18775E752377CA400031CFF0 /* Main.storyboard in Resources */ = {isa = PBXBuildFile; fileRef = 18775E732377CA400031CFF0 /* Main.storyboard */; };
		18775E772377CA470031CFF0 /* Assets.xcassets in Resources */ = {isa = PBXBuildFile; fileRef = 18775E762377CA470031CFF0 /* Assets.xcassets */; };
		18775E7A2377CA470031CFF0 /* LaunchScreen.storyboard in Resources */ = {isa = PBXBuildFile; fileRef = 18775E782377CA470031CFF0 /* LaunchScreen.storyboard */; };
		18775E852377CA470031CFF0 /* BookingAppTests.swift in Sources */ = {isa = PBXBuildFile; fileRef = 18775E842377CA470031CFF0 /* BookingAppTests.swift */; };
		18775E902377CA470031CFF0 /* BookingAppUITests.swift in Sources */ = {isa = PBXBuildFile; fileRef = 18775E8F2377CA470031CFF0 /* BookingAppUITests.swift */; };
		18775EA22377CE3E0031CFF0 /* Movie.swift in Sources */ = {isa = PBXBuildFile; fileRef = 18775EA12377CE3E0031CFF0 /* Movie.swift */; };
		18775EA62377FC790031CFF0 /* HomeVC.swift in Sources */ = {isa = PBXBuildFile; fileRef = 18775EA52377FC790031CFF0 /* HomeVC.swift */; };
		18775EA92377FD6B0031CFF0 /* UPCarouselFlowLayout.swift in Sources */ = {isa = PBXBuildFile; fileRef = 18775EA82377FD6B0031CFF0 /* UPCarouselFlowLayout.swift */; };
		18775EAC2377FE2A0031CFF0 /* HomeCell.swift in Sources */ = {isa = PBXBuildFile; fileRef = 18775EAA2377FE2A0031CFF0 /* HomeCell.swift */; };
		18775EAD2377FE2A0031CFF0 /* HomeCell.xib in Resources */ = {isa = PBXBuildFile; fileRef = 18775EAB2377FE2A0031CFF0 /* HomeCell.xib */; };
		18775EB2237802DA0031CFF0 /* Constraints.swift in Sources */ = {isa = PBXBuildFile; fileRef = 18775EB1237802DA0031CFF0 /* Constraints.swift */; };
		18775EB423780A400031CFF0 /* MovieViewModel.swift in Sources */ = {isa = PBXBuildFile; fileRef = 18775EB323780A400031CFF0 /* MovieViewModel.swift */; };
		18775EB723780CDC0031CFF0 /* DataServices.swift in Sources */ = {isa = PBXBuildFile; fileRef = 18775EB623780CDC0031CFF0 /* DataServices.swift */; };
		18A10A6F237C486800F2B8EC /* TrendingMoviesCell.swift in Sources */ = {isa = PBXBuildFile; fileRef = 18A10A6D237C486800F2B8EC /* TrendingMoviesCell.swift */; };
		18A10A70237C486800F2B8EC /* TrendingMoviesCell.xib in Resources */ = {isa = PBXBuildFile; fileRef = 18A10A6E237C486800F2B8EC /* TrendingMoviesCell.xib */; };
		18A10A72237C70FC00F2B8EC /* VideoDescriptionVC.swift in Sources */ = {isa = PBXBuildFile; fileRef = 18A10A71237C70FC00F2B8EC /* VideoDescriptionVC.swift */; };
		18D10E57239752DE00EF5A53 /* AuthService.swift in Sources */ = {isa = PBXBuildFile; fileRef = 18D10E56239752DE00EF5A53 /* AuthService.swift */; };
		18DD6EE7238687E50050CA47 /* GradientView.swift in Sources */ = {isa = PBXBuildFile; fileRef = 18DD6EE6238687E50050CA47 /* GradientView.swift */; };
		18DD6EE923868B400050CA47 /* CornerRadiusView.swift in Sources */ = {isa = PBXBuildFile; fileRef = 18DD6EE823868B400050CA47 /* CornerRadiusView.swift */; };
		18DD6EEB23879B350050CA47 /* customUITextField.swift in Sources */ = {isa = PBXBuildFile; fileRef = 18DD6EEA23879B350050CA47 /* customUITextField.swift */; };
		18DD6EEF2387A3F20050CA47 /* SeatVC.swift in Sources */ = {isa = PBXBuildFile; fileRef = 18DD6EEE2387A3F20050CA47 /* SeatVC.swift */; };
		18DD6EF12387A94D0050CA47 /* SeatCell.swift in Sources */ = {isa = PBXBuildFile; fileRef = 18DD6EF02387A94D0050CA47 /* SeatCell.swift */; };
		18DD6EF62388DB0F0050CA47 /* ScheduleCell.swift in Sources */ = {isa = PBXBuildFile; fileRef = 18DD6EF42388DB0F0050CA47 /* ScheduleCell.swift */; };
		18DD6EF72388DB0F0050CA47 /* ScheduleCell.xib in Resources */ = {isa = PBXBuildFile; fileRef = 18DD6EF52388DB0F0050CA47 /* ScheduleCell.xib */; };
		18DD6EFC238963880050CA47 /* ScheduleTimeCell.swift in Sources */ = {isa = PBXBuildFile; fileRef = 18DD6EFA238963880050CA47 /* ScheduleTimeCell.swift */; };
		18DD6EFD238963880050CA47 /* ScheduleTimeCell.xib in Resources */ = {isa = PBXBuildFile; fileRef = 18DD6EFB238963880050CA47 /* ScheduleTimeCell.xib */; };
		18DD6EFF238A8E400050CA47 /* Authentication.storyboard in Resources */ = {isa = PBXBuildFile; fileRef = 18DD6EFE238A8E3F0050CA47 /* Authentication.storyboard */; };
		18DD6F01238A8EB50050CA47 /* RegisterVC.swift in Sources */ = {isa = PBXBuildFile; fileRef = 18DD6F00238A8EB50050CA47 /* RegisterVC.swift */; };
		18E965F12397890A00499058 /* AuditoriumsApi.swift in Sources */ = {isa = PBXBuildFile; fileRef = 18E965F02397890A00499058 /* AuditoriumsApi.swift */; };
		18E965F323978ACD00499058 /* TheatersApi.swift in Sources */ = {isa = PBXBuildFile; fileRef = 18E965F223978ACD00499058 /* TheatersApi.swift */; };
		18FAC3862395E07F0099C1FF /* WeekdaysView.swift in Sources */ = {isa = PBXBuildFile; fileRef = 18FAC3852395E07F0099C1FF /* WeekdaysView.swift */; };
		18FAC3882395E3680099C1FF /* CalenderView.swift in Sources */ = {isa = PBXBuildFile; fileRef = 18FAC3872395E3670099C1FF /* CalenderView.swift */; };
		18FAC38A2395E5010099C1FF /* MothView.swift in Sources */ = {isa = PBXBuildFile; fileRef = 18FAC3892395E5010099C1FF /* MothView.swift */; };
		18FAC38C23960A230099C1FF /* MoviesApi.swift in Sources */ = {isa = PBXBuildFile; fileRef = 18FAC38B23960A230099C1FF /* MoviesApi.swift */; };
		8B34BA8E68A3E0CD99526BF4 /* libPods-BookingApp.a in Frameworks */ = {isa = PBXBuildFile; fileRef = 98FAB65761A1556A0C9A00D1 /* libPods-BookingApp.a */; };
/* End PBXBuildFile section */

/* Begin PBXContainerItemProxy section */
		18775E812377CA470031CFF0 /* PBXContainerItemProxy */ = {
			isa = PBXContainerItemProxy;
			containerPortal = 18775E622377CA400031CFF0 /* Project object */;
			proxyType = 1;
			remoteGlobalIDString = 18775E692377CA400031CFF0;
			remoteInfo = BookingApp;
		};
		18775E8C2377CA470031CFF0 /* PBXContainerItemProxy */ = {
			isa = PBXContainerItemProxy;
			containerPortal = 18775E622377CA400031CFF0 /* Project object */;
			proxyType = 1;
			remoteGlobalIDString = 18775E692377CA400031CFF0;
			remoteInfo = BookingApp;
		};
/* End PBXContainerItemProxy section */

/* Begin PBXFileReference section */
		050B8BD20B0C00D8065E23EB /* Pods-BookingApp.debug.xcconfig */ = {isa = PBXFileReference; includeInIndex = 1; lastKnownFileType = text.xcconfig; name = "Pods-BookingApp.debug.xcconfig"; path = "Target Support Files/Pods-BookingApp/Pods-BookingApp.debug.xcconfig"; sourceTree = "<group>"; };
		180E448F2384E3AD00A44192 /* Extension.swift */ = {isa = PBXFileReference; lastKnownFileType = sourcecode.swift; path = Extension.swift; sourceTree = "<group>"; };
		180E44D12386447100A44192 /* LoginVC.swift */ = {isa = PBXFileReference; lastKnownFileType = sourcecode.swift; path = LoginVC.swift; sourceTree = "<group>"; };
		181308B32383F35A00BE4F79 /* Album.swift */ = {isa = PBXFileReference; lastKnownFileType = sourcecode.swift; path = Album.swift; sourceTree = "<group>"; };
		181308B52383F63900BE4F79 /* HomeViewModel.swift */ = {isa = PBXFileReference; lastKnownFileType = sourcecode.swift; path = HomeViewModel.swift; sourceTree = "<group>"; };
		181F42CE2396507D00621AC8 /* Theaters.swift */ = {isa = PBXFileReference; lastKnownFileType = sourcecode.swift; path = Theaters.swift; sourceTree = "<group>"; };
		185918BA2397FF9A00322BE6 /* SlideMenuController.swift */ = {isa = PBXFileReference; lastKnownFileType = sourcecode.swift; path = SlideMenuController.swift; sourceTree = "<group>"; };
		185918BC2398053A00322BE6 /* ProfileVC.swift */ = {isa = PBXFileReference; lastKnownFileType = sourcecode.swift; path = ProfileVC.swift; sourceTree = "<group>"; };
		185918BD2398053A00322BE6 /* ProfileVC.xib */ = {isa = PBXFileReference; lastKnownFileType = file.xib; path = ProfileVC.xib; sourceTree = "<group>"; };
		185918C0239820F400322BE6 /* Auditoriums.swift */ = {isa = PBXFileReference; lastKnownFileType = sourcecode.swift; path = Auditoriums.swift; sourceTree = "<group>"; };
		185918C223987EBC00322BE6 /* ScheduleVC.swift */ = {isa = PBXFileReference; lastKnownFileType = sourcecode.swift; path = ScheduleVC.swift; sourceTree = "<group>"; };
		185918C42398BAD500322BE6 /* SeatApi.swift */ = {isa = PBXFileReference; lastKnownFileType = sourcecode.swift; path = SeatApi.swift; sourceTree = "<group>"; };
		185918C62398ED1200322BE6 /* VideoViewController.swift */ = {isa = PBXFileReference; lastKnownFileType = sourcecode.swift; path = VideoViewController.swift; sourceTree = "<group>"; };
		185918C72398ED1200322BE6 /* VideoViewController.xib */ = {isa = PBXFileReference; lastKnownFileType = file.xib; path = VideoViewController.xib; sourceTree = "<group>"; };
		18775E6A2377CA400031CFF0 /* BookingApp.app */ = {isa = PBXFileReference; explicitFileType = wrapper.application; includeInIndex = 0; path = BookingApp.app; sourceTree = BUILT_PRODUCTS_DIR; };
		18775E6D2377CA400031CFF0 /* AppDelegate.swift */ = {isa = PBXFileReference; lastKnownFileType = sourcecode.swift; path = AppDelegate.swift; sourceTree = "<group>"; };
		18775E6F2377CA400031CFF0 /* SceneDelegate.swift */ = {isa = PBXFileReference; lastKnownFileType = sourcecode.swift; path = SceneDelegate.swift; sourceTree = "<group>"; };
		18775E742377CA400031CFF0 /* Base */ = {isa = PBXFileReference; lastKnownFileType = file.storyboard; name = Base; path = Base.lproj/Main.storyboard; sourceTree = "<group>"; };
		18775E762377CA470031CFF0 /* Assets.xcassets */ = {isa = PBXFileReference; lastKnownFileType = folder.assetcatalog; path = Assets.xcassets; sourceTree = "<group>"; };
		18775E792377CA470031CFF0 /* Base */ = {isa = PBXFileReference; lastKnownFileType = file.storyboard; name = Base; path = Base.lproj/LaunchScreen.storyboard; sourceTree = "<group>"; };
		18775E7B2377CA470031CFF0 /* Info.plist */ = {isa = PBXFileReference; lastKnownFileType = text.plist.xml; path = Info.plist; sourceTree = "<group>"; };
		18775E802377CA470031CFF0 /* BookingAppTests.xctest */ = {isa = PBXFileReference; explicitFileType = wrapper.cfbundle; includeInIndex = 0; path = BookingAppTests.xctest; sourceTree = BUILT_PRODUCTS_DIR; };
		18775E842377CA470031CFF0 /* BookingAppTests.swift */ = {isa = PBXFileReference; lastKnownFileType = sourcecode.swift; path = BookingAppTests.swift; sourceTree = "<group>"; };
		18775E862377CA470031CFF0 /* Info.plist */ = {isa = PBXFileReference; lastKnownFileType = text.plist.xml; path = Info.plist; sourceTree = "<group>"; };
		18775E8B2377CA470031CFF0 /* BookingAppUITests.xctest */ = {isa = PBXFileReference; explicitFileType = wrapper.cfbundle; includeInIndex = 0; path = BookingAppUITests.xctest; sourceTree = BUILT_PRODUCTS_DIR; };
		18775E8F2377CA470031CFF0 /* BookingAppUITests.swift */ = {isa = PBXFileReference; lastKnownFileType = sourcecode.swift; path = BookingAppUITests.swift; sourceTree = "<group>"; };
		18775E912377CA470031CFF0 /* Info.plist */ = {isa = PBXFileReference; lastKnownFileType = text.plist.xml; path = Info.plist; sourceTree = "<group>"; };
		18775EA12377CE3E0031CFF0 /* Movie.swift */ = {isa = PBXFileReference; lastKnownFileType = sourcecode.swift; path = Movie.swift; sourceTree = "<group>"; };
		18775EA52377FC790031CFF0 /* HomeVC.swift */ = {isa = PBXFileReference; lastKnownFileType = sourcecode.swift; path = HomeVC.swift; sourceTree = "<group>"; };
		18775EA82377FD6B0031CFF0 /* UPCarouselFlowLayout.swift */ = {isa = PBXFileReference; fileEncoding = 4; lastKnownFileType = sourcecode.swift; path = UPCarouselFlowLayout.swift; sourceTree = "<group>"; };
		18775EAA2377FE2A0031CFF0 /* HomeCell.swift */ = {isa = PBXFileReference; lastKnownFileType = sourcecode.swift; path = HomeCell.swift; sourceTree = "<group>"; };
		18775EAB2377FE2A0031CFF0 /* HomeCell.xib */ = {isa = PBXFileReference; lastKnownFileType = file.xib; path = HomeCell.xib; sourceTree = "<group>"; };
		18775EB1237802DA0031CFF0 /* Constraints.swift */ = {isa = PBXFileReference; lastKnownFileType = sourcecode.swift; path = Constraints.swift; sourceTree = "<group>"; };
		18775EB323780A400031CFF0 /* MovieViewModel.swift */ = {isa = PBXFileReference; lastKnownFileType = sourcecode.swift; path = MovieViewModel.swift; sourceTree = "<group>"; };
		18775EB623780CDC0031CFF0 /* DataServices.swift */ = {isa = PBXFileReference; lastKnownFileType = sourcecode.swift; path = DataServices.swift; sourceTree = "<group>"; };
		18A10A6D237C486800F2B8EC /* TrendingMoviesCell.swift */ = {isa = PBXFileReference; lastKnownFileType = sourcecode.swift; path = TrendingMoviesCell.swift; sourceTree = "<group>"; };
		18A10A6E237C486800F2B8EC /* TrendingMoviesCell.xib */ = {isa = PBXFileReference; lastKnownFileType = file.xib; path = TrendingMoviesCell.xib; sourceTree = "<group>"; };
		18A10A71237C70FC00F2B8EC /* VideoDescriptionVC.swift */ = {isa = PBXFileReference; lastKnownFileType = sourcecode.swift; path = VideoDescriptionVC.swift; sourceTree = "<group>"; };
		18D10E56239752DE00EF5A53 /* AuthService.swift */ = {isa = PBXFileReference; lastKnownFileType = sourcecode.swift; path = AuthService.swift; sourceTree = "<group>"; };
		18DD6EE6238687E50050CA47 /* GradientView.swift */ = {isa = PBXFileReference; lastKnownFileType = sourcecode.swift; path = GradientView.swift; sourceTree = "<group>"; };
		18DD6EE823868B400050CA47 /* CornerRadiusView.swift */ = {isa = PBXFileReference; lastKnownFileType = sourcecode.swift; path = CornerRadiusView.swift; sourceTree = "<group>"; };
		18DD6EEA23879B350050CA47 /* customUITextField.swift */ = {isa = PBXFileReference; lastKnownFileType = sourcecode.swift; path = customUITextField.swift; sourceTree = "<group>"; };
		18DD6EEE2387A3F20050CA47 /* SeatVC.swift */ = {isa = PBXFileReference; lastKnownFileType = sourcecode.swift; path = SeatVC.swift; sourceTree = "<group>"; };
		18DD6EF02387A94D0050CA47 /* SeatCell.swift */ = {isa = PBXFileReference; lastKnownFileType = sourcecode.swift; path = SeatCell.swift; sourceTree = "<group>"; };
		18DD6EF42388DB0F0050CA47 /* ScheduleCell.swift */ = {isa = PBXFileReference; lastKnownFileType = sourcecode.swift; path = ScheduleCell.swift; sourceTree = "<group>"; };
		18DD6EF52388DB0F0050CA47 /* ScheduleCell.xib */ = {isa = PBXFileReference; lastKnownFileType = file.xib; path = ScheduleCell.xib; sourceTree = "<group>"; };
		18DD6EFA238963880050CA47 /* ScheduleTimeCell.swift */ = {isa = PBXFileReference; lastKnownFileType = sourcecode.swift; path = ScheduleTimeCell.swift; sourceTree = "<group>"; };
		18DD6EFB238963880050CA47 /* ScheduleTimeCell.xib */ = {isa = PBXFileReference; lastKnownFileType = file.xib; path = ScheduleTimeCell.xib; sourceTree = "<group>"; };
		18DD6EFE238A8E3F0050CA47 /* Authentication.storyboard */ = {isa = PBXFileReference; lastKnownFileType = file.storyboard; path = Authentication.storyboard; sourceTree = "<group>"; };
		18DD6F00238A8EB50050CA47 /* RegisterVC.swift */ = {isa = PBXFileReference; lastKnownFileType = sourcecode.swift; path = RegisterVC.swift; sourceTree = "<group>"; };
		18E965F02397890A00499058 /* AuditoriumsApi.swift */ = {isa = PBXFileReference; lastKnownFileType = sourcecode.swift; path = AuditoriumsApi.swift; sourceTree = "<group>"; };
		18E965F223978ACD00499058 /* TheatersApi.swift */ = {isa = PBXFileReference; lastKnownFileType = sourcecode.swift; path = TheatersApi.swift; sourceTree = "<group>"; };
		18FAC3852395E07F0099C1FF /* WeekdaysView.swift */ = {isa = PBXFileReference; lastKnownFileType = sourcecode.swift; path = WeekdaysView.swift; sourceTree = "<group>"; };
		18FAC3872395E3670099C1FF /* CalenderView.swift */ = {isa = PBXFileReference; lastKnownFileType = sourcecode.swift; path = CalenderView.swift; sourceTree = "<group>"; };
		18FAC3892395E5010099C1FF /* MothView.swift */ = {isa = PBXFileReference; lastKnownFileType = sourcecode.swift; path = MothView.swift; sourceTree = "<group>"; };
		18FAC38B23960A230099C1FF /* MoviesApi.swift */ = {isa = PBXFileReference; lastKnownFileType = sourcecode.swift; path = MoviesApi.swift; sourceTree = "<group>"; };
		73112D113371777715F5F17C /* Pods-BookingApp.release.xcconfig */ = {isa = PBXFileReference; includeInIndex = 1; lastKnownFileType = text.xcconfig; name = "Pods-BookingApp.release.xcconfig"; path = "Target Support Files/Pods-BookingApp/Pods-BookingApp.release.xcconfig"; sourceTree = "<group>"; };
		98FAB65761A1556A0C9A00D1 /* libPods-BookingApp.a */ = {isa = PBXFileReference; explicitFileType = archive.ar; includeInIndex = 0; path = "libPods-BookingApp.a"; sourceTree = BUILT_PRODUCTS_DIR; };
/* End PBXFileReference section */

/* Begin PBXFrameworksBuildPhase section */
		18775E672377CA400031CFF0 /* Frameworks */ = {
			isa = PBXFrameworksBuildPhase;
			buildActionMask = 2147483647;
			files = (
				8B34BA8E68A3E0CD99526BF4 /* libPods-BookingApp.a in Frameworks */,
			);
			runOnlyForDeploymentPostprocessing = 0;
		};
		18775E7D2377CA470031CFF0 /* Frameworks */ = {
			isa = PBXFrameworksBuildPhase;
			buildActionMask = 2147483647;
			files = (
			);
			runOnlyForDeploymentPostprocessing = 0;
		};
		18775E882377CA470031CFF0 /* Frameworks */ = {
			isa = PBXFrameworksBuildPhase;
			buildActionMask = 2147483647;
			files = (
			);
			runOnlyForDeploymentPostprocessing = 0;
		};
/* End PBXFrameworksBuildPhase section */

/* Begin PBXGroup section */
		18337F64237C3A3E00AE8ACC /* Cell */ = {
			isa = PBXGroup;
			children = (
				18DD6EFA238963880050CA47 /* ScheduleTimeCell.swift */,
				18775EAA2377FE2A0031CFF0 /* HomeCell.swift */,
				18A10A6D237C486800F2B8EC /* TrendingMoviesCell.swift */,
				18DD6EF02387A94D0050CA47 /* SeatCell.swift */,
				18DD6EF42388DB0F0050CA47 /* ScheduleCell.swift */,
				18DD6EEC2387A07E0050CA47 /* xib */,
			);
			path = Cell;
			sourceTree = "<group>";
		};
		1853AE2F2397E07600BF726E /* Helper */ = {
			isa = PBXGroup;
			children = (
				185918BA2397FF9A00322BE6 /* SlideMenuController.swift */,
			);
			path = Helper;
			sourceTree = "<group>";
		};
		18775E612377CA400031CFF0 = {
			isa = PBXGroup;
			children = (
				18775E6C2377CA400031CFF0 /* BookingApp */,
				18775E832377CA470031CFF0 /* BookingAppTests */,
				18775E8E2377CA470031CFF0 /* BookingAppUITests */,
				18775E6B2377CA400031CFF0 /* Products */,
				8BDEE342665B8B102676E2F7 /* Pods */,
				9CF92D9D9040B78ACDD4313D /* Frameworks */,
			);
			sourceTree = "<group>";
		};
		18775E6B2377CA400031CFF0 /* Products */ = {
			isa = PBXGroup;
			children = (
				18775E6A2377CA400031CFF0 /* BookingApp.app */,
				18775E802377CA470031CFF0 /* BookingAppTests.xctest */,
				18775E8B2377CA470031CFF0 /* BookingAppUITests.xctest */,
			);
			name = Products;
			sourceTree = "<group>";
		};
		18775E6C2377CA400031CFF0 /* BookingApp */ = {
			isa = PBXGroup;
			children = (
				1853AE2F2397E07600BF726E /* Helper */,
				18FAC3802394F19C0099C1FF /* Controllers */,
				18775EB523780CC60031CFF0 /* Services */,
				18775EAF2378023F0031CFF0 /* Utils */,
				18775EAE237800110031CFF0 /* Storyboard */,
				18775EA72377FCB70031CFF0 /* Layout */,
				18775EA42377F58B0031CFF0 /* Views */,
				18775EA32377F57C0031CFF0 /* ViewModel */,
				18775EA02377CE260031CFF0 /* Models */,
				18775E6D2377CA400031CFF0 /* AppDelegate.swift */,
				18775E6F2377CA400031CFF0 /* SceneDelegate.swift */,
				18775E762377CA470031CFF0 /* Assets.xcassets */,
				18775E782377CA470031CFF0 /* LaunchScreen.storyboard */,
				18775E7B2377CA470031CFF0 /* Info.plist */,
			);
			path = BookingApp;
			sourceTree = "<group>";
		};
		18775E832377CA470031CFF0 /* BookingAppTests */ = {
			isa = PBXGroup;
			children = (
				18775E842377CA470031CFF0 /* BookingAppTests.swift */,
				18775E862377CA470031CFF0 /* Info.plist */,
			);
			path = BookingAppTests;
			sourceTree = "<group>";
		};
		18775E8E2377CA470031CFF0 /* BookingAppUITests */ = {
			isa = PBXGroup;
			children = (
				18775E8F2377CA470031CFF0 /* BookingAppUITests.swift */,
				18775E912377CA470031CFF0 /* Info.plist */,
			);
			path = BookingAppUITests;
			sourceTree = "<group>";
		};
		18775EA02377CE260031CFF0 /* Models */ = {
			isa = PBXGroup;
			children = (
				18775EA12377CE3E0031CFF0 /* Movie.swift */,
				181308B32383F35A00BE4F79 /* Album.swift */,
				181F42CE2396507D00621AC8 /* Theaters.swift */,
				185918C0239820F400322BE6 /* Auditoriums.swift */,
			);
			path = Models;
			sourceTree = "<group>";
		};
		18775EA32377F57C0031CFF0 /* ViewModel */ = {
			isa = PBXGroup;
			children = (
				18775EB323780A400031CFF0 /* MovieViewModel.swift */,
				181308B52383F63900BE4F79 /* HomeViewModel.swift */,
			);
			path = ViewModel;
			sourceTree = "<group>";
		};
		18775EA42377F58B0031CFF0 /* Views */ = {
			isa = PBXGroup;
			children = (
				18337F64237C3A3E00AE8ACC /* Cell */,
				18FAC3852395E07F0099C1FF /* WeekdaysView.swift */,
				18FAC3872395E3670099C1FF /* CalenderView.swift */,
				18FAC3892395E5010099C1FF /* MothView.swift */,
			);
			path = Views;
			sourceTree = "<group>";
		};
		18775EA72377FCB70031CFF0 /* Layout */ = {
			isa = PBXGroup;
			children = (
				18775EA82377FD6B0031CFF0 /* UPCarouselFlowLayout.swift */,
			);
			path = Layout;
			sourceTree = "<group>";
		};
		18775EAE237800110031CFF0 /* Storyboard */ = {
			isa = PBXGroup;
			children = (
				18775E732377CA400031CFF0 /* Main.storyboard */,
				18DD6EFE238A8E3F0050CA47 /* Authentication.storyboard */,
			);
			path = Storyboard;
			sourceTree = "<group>";
		};
		18775EAF2378023F0031CFF0 /* Utils */ = {
			isa = PBXGroup;
			children = (
				18775EB1237802DA0031CFF0 /* Constraints.swift */,
				180E448F2384E3AD00A44192 /* Extension.swift */,
				18DD6EE6238687E50050CA47 /* GradientView.swift */,
				18DD6EE823868B400050CA47 /* CornerRadiusView.swift */,
				18DD6EEA23879B350050CA47 /* customUITextField.swift */,
			);
			path = Utils;
			sourceTree = "<group>";
		};
		18775EB523780CC60031CFF0 /* Services */ = {
			isa = PBXGroup;
			children = (
				18775EB623780CDC0031CFF0 /* DataServices.swift */,
				18FAC38B23960A230099C1FF /* MoviesApi.swift */,
				18D10E56239752DE00EF5A53 /* AuthService.swift */,
				18E965F02397890A00499058 /* AuditoriumsApi.swift */,
				18E965F223978ACD00499058 /* TheatersApi.swift */,
				185918C42398BAD500322BE6 /* SeatApi.swift */,
			);
			path = Services;
			sourceTree = "<group>";
		};
		18DD6EEC2387A07E0050CA47 /* xib */ = {
			isa = PBXGroup;
			children = (
				18DD6EFB238963880050CA47 /* ScheduleTimeCell.xib */,
				18775EAB2377FE2A0031CFF0 /* HomeCell.xib */,
				18DD6EF52388DB0F0050CA47 /* ScheduleCell.xib */,
				18A10A6E237C486800F2B8EC /* TrendingMoviesCell.xib */,
			);
			path = xib;
			sourceTree = "<group>";
		};
		18FAC3802394F19C0099C1FF /* Controllers */ = {
			isa = PBXGroup;
			children = (
				18775EA52377FC790031CFF0 /* HomeVC.swift */,
				18A10A71237C70FC00F2B8EC /* VideoDescriptionVC.swift */,
				180E44D12386447100A44192 /* LoginVC.swift */,
				18DD6EEE2387A3F20050CA47 /* SeatVC.swift */,
				18DD6F00238A8EB50050CA47 /* RegisterVC.swift */,
				185918BC2398053A00322BE6 /* ProfileVC.swift */,
				185918BD2398053A00322BE6 /* ProfileVC.xib */,
				185918C223987EBC00322BE6 /* ScheduleVC.swift */,
				185918C62398ED1200322BE6 /* VideoViewController.swift */,
				185918C72398ED1200322BE6 /* VideoViewController.xib */,
			);
			path = Controllers;
			sourceTree = "<group>";
		};
		8BDEE342665B8B102676E2F7 /* Pods */ = {
			isa = PBXGroup;
			children = (
				050B8BD20B0C00D8065E23EB /* Pods-BookingApp.debug.xcconfig */,
				73112D113371777715F5F17C /* Pods-BookingApp.release.xcconfig */,
			);
			path = Pods;
			sourceTree = "<group>";
		};
		9CF92D9D9040B78ACDD4313D /* Frameworks */ = {
			isa = PBXGroup;
			children = (
				98FAB65761A1556A0C9A00D1 /* libPods-BookingApp.a */,
			);
			name = Frameworks;
			sourceTree = "<group>";
		};
/* End PBXGroup section */

/* Begin PBXNativeTarget section */
		18775E692377CA400031CFF0 /* BookingApp */ = {
			isa = PBXNativeTarget;
			buildConfigurationList = 18775E942377CA470031CFF0 /* Build configuration list for PBXNativeTarget "BookingApp" */;
			buildPhases = (
				80D1F80A22C81C9D389C1F45 /* [CP] Check Pods Manifest.lock */,
				18775E662377CA400031CFF0 /* Sources */,
				18775E672377CA400031CFF0 /* Frameworks */,
				18775E682377CA400031CFF0 /* Resources */,
				A627A5E25B23194B7FE9BC89 /* [CP] Copy Pods Resources */,
			);
			buildRules = (
			);
			dependencies = (
			);
			name = BookingApp;
			productName = BookingApp;
			productReference = 18775E6A2377CA400031CFF0 /* BookingApp.app */;
			productType = "com.apple.product-type.application";
		};
		18775E7F2377CA470031CFF0 /* BookingAppTests */ = {
			isa = PBXNativeTarget;
			buildConfigurationList = 18775E972377CA470031CFF0 /* Build configuration list for PBXNativeTarget "BookingAppTests" */;
			buildPhases = (
				18775E7C2377CA470031CFF0 /* Sources */,
				18775E7D2377CA470031CFF0 /* Frameworks */,
				18775E7E2377CA470031CFF0 /* Resources */,
			);
			buildRules = (
			);
			dependencies = (
				18775E822377CA470031CFF0 /* PBXTargetDependency */,
			);
			name = BookingAppTests;
			productName = BookingAppTests;
			productReference = 18775E802377CA470031CFF0 /* BookingAppTests.xctest */;
			productType = "com.apple.product-type.bundle.unit-test";
		};
		18775E8A2377CA470031CFF0 /* BookingAppUITests */ = {
			isa = PBXNativeTarget;
			buildConfigurationList = 18775E9A2377CA470031CFF0 /* Build configuration list for PBXNativeTarget "BookingAppUITests" */;
			buildPhases = (
				18775E872377CA470031CFF0 /* Sources */,
				18775E882377CA470031CFF0 /* Frameworks */,
				18775E892377CA470031CFF0 /* Resources */,
			);
			buildRules = (
			);
			dependencies = (
				18775E8D2377CA470031CFF0 /* PBXTargetDependency */,
			);
			name = BookingAppUITests;
			productName = BookingAppUITests;
			productReference = 18775E8B2377CA470031CFF0 /* BookingAppUITests.xctest */;
			productType = "com.apple.product-type.bundle.ui-testing";
		};
/* End PBXNativeTarget section */

/* Begin PBXProject section */
		18775E622377CA400031CFF0 /* Project object */ = {
			isa = PBXProject;
			attributes = {
				LastSwiftUpdateCheck = 1120;
				LastUpgradeCheck = 1120;
				ORGANIZATIONNAME = Apple;
				TargetAttributes = {
					18775E692377CA400031CFF0 = {
						CreatedOnToolsVersion = 11.2;
						LastSwiftMigration = 1120;
					};
					18775E7F2377CA470031CFF0 = {
						CreatedOnToolsVersion = 11.2;
						TestTargetID = 18775E692377CA400031CFF0;
					};
					18775E8A2377CA470031CFF0 = {
						CreatedOnToolsVersion = 11.2;
						TestTargetID = 18775E692377CA400031CFF0;
					};
				};
			};
			buildConfigurationList = 18775E652377CA400031CFF0 /* Build configuration list for PBXProject "BookingApp" */;
			compatibilityVersion = "Xcode 9.3";
			developmentRegion = en;
			hasScannedForEncodings = 0;
			knownRegions = (
				en,
				Base,
			);
			mainGroup = 18775E612377CA400031CFF0;
			productRefGroup = 18775E6B2377CA400031CFF0 /* Products */;
			projectDirPath = "";
			projectRoot = "";
			targets = (
				18775E692377CA400031CFF0 /* BookingApp */,
				18775E7F2377CA470031CFF0 /* BookingAppTests */,
				18775E8A2377CA470031CFF0 /* BookingAppUITests */,
			);
		};
/* End PBXProject section */

/* Begin PBXResourcesBuildPhase section */
		18775E682377CA400031CFF0 /* Resources */ = {
			isa = PBXResourcesBuildPhase;
			buildActionMask = 2147483647;
			files = (
				18DD6EFF238A8E400050CA47 /* Authentication.storyboard in Resources */,
				185918BF2398053A00322BE6 /* ProfileVC.xib in Resources */,
				18775E7A2377CA470031CFF0 /* LaunchScreen.storyboard in Resources */,
				18775E772377CA470031CFF0 /* Assets.xcassets in Resources */,
				18DD6EF72388DB0F0050CA47 /* ScheduleCell.xib in Resources */,
				18DD6EFD238963880050CA47 /* ScheduleTimeCell.xib in Resources */,
				18775EAD2377FE2A0031CFF0 /* HomeCell.xib in Resources */,
				18775E752377CA400031CFF0 /* Main.storyboard in Resources */,
				185918C92398ED1200322BE6 /* VideoViewController.xib in Resources */,
				18A10A70237C486800F2B8EC /* TrendingMoviesCell.xib in Resources */,
			);
			runOnlyForDeploymentPostprocessing = 0;
		};
		18775E7E2377CA470031CFF0 /* Resources */ = {
			isa = PBXResourcesBuildPhase;
			buildActionMask = 2147483647;
			files = (
			);
			runOnlyForDeploymentPostprocessing = 0;
		};
		18775E892377CA470031CFF0 /* Resources */ = {
			isa = PBXResourcesBuildPhase;
			buildActionMask = 2147483647;
			files = (
			);
			runOnlyForDeploymentPostprocessing = 0;
		};
/* End PBXResourcesBuildPhase section */

/* Begin PBXShellScriptBuildPhase section */
		80D1F80A22C81C9D389C1F45 /* [CP] Check Pods Manifest.lock */ = {
			isa = PBXShellScriptBuildPhase;
			buildActionMask = 2147483647;
			files = (
			);
			inputFileListPaths = (
			);
			inputPaths = (
				"${PODS_PODFILE_DIR_PATH}/Podfile.lock",
				"${PODS_ROOT}/Manifest.lock",
			);
			name = "[CP] Check Pods Manifest.lock";
			outputFileListPaths = (
			);
			outputPaths = (
				"$(DERIVED_FILE_DIR)/Pods-BookingApp-checkManifestLockResult.txt",
			);
			runOnlyForDeploymentPostprocessing = 0;
			shellPath = /bin/sh;
			shellScript = "diff \"${PODS_PODFILE_DIR_PATH}/Podfile.lock\" \"${PODS_ROOT}/Manifest.lock\" > /dev/null\nif [ $? != 0 ] ; then\n    # print error to STDERR\n    echo \"error: The sandbox is not in sync with the Podfile.lock. Run 'pod install' or update your CocoaPods installation.\" >&2\n    exit 1\nfi\n# This output is used by Xcode 'outputs' to avoid re-running this script phase.\necho \"SUCCESS\" > \"${SCRIPT_OUTPUT_FILE_0}\"\n";
			showEnvVarsInLog = 0;
		};
		A627A5E25B23194B7FE9BC89 /* [CP] Copy Pods Resources */ = {
			isa = PBXShellScriptBuildPhase;
			buildActionMask = 2147483647;
			files = (
			);
			inputFileListPaths = (
				"${PODS_ROOT}/Target Support Files/Pods-BookingApp/Pods-BookingApp-resources-${CONFIGURATION}-input-files.xcfilelist",
			);
			name = "[CP] Copy Pods Resources";
			outputFileListPaths = (
				"${PODS_ROOT}/Target Support Files/Pods-BookingApp/Pods-BookingApp-resources-${CONFIGURATION}-output-files.xcfilelist",
			);
			runOnlyForDeploymentPostprocessing = 0;
			shellPath = /bin/sh;
			shellScript = "\"${PODS_ROOT}/Target Support Files/Pods-BookingApp/Pods-BookingApp-resources.sh\"\n";
			showEnvVarsInLog = 0;
		};
/* End PBXShellScriptBuildPhase section */

/* Begin PBXSourcesBuildPhase section */
		18775E662377CA400031CFF0 /* Sources */ = {
			isa = PBXSourcesBuildPhase;
			buildActionMask = 2147483647;
			files = (
				181308B42383F35A00BE4F79 /* Album.swift in Sources */,
				18775EAC2377FE2A0031CFF0 /* HomeCell.swift in Sources */,
				18775EB2237802DA0031CFF0 /* Constraints.swift in Sources */,
				18FAC38A2395E5010099C1FF /* MothView.swift in Sources */,
				18775E6E2377CA400031CFF0 /* AppDelegate.swift in Sources */,
				185918C323987EBC00322BE6 /* ScheduleVC.swift in Sources */,
				18DD6EFC238963880050CA47 /* ScheduleTimeCell.swift in Sources */,
				18E965F323978ACD00499058 /* TheatersApi.swift in Sources */,
				18FAC38C23960A230099C1FF /* MoviesApi.swift in Sources */,
				18A10A6F237C486800F2B8EC /* TrendingMoviesCell.swift in Sources */,
				181308B62383F63900BE4F79 /* HomeViewModel.swift in Sources */,
				185918C52398BAD500322BE6 /* SeatApi.swift in Sources */,
				18DD6EE923868B400050CA47 /* CornerRadiusView.swift in Sources */,
				18DD6F01238A8EB50050CA47 /* RegisterVC.swift in Sources */,
				18FAC3882395E3680099C1FF /* CalenderView.swift in Sources */,
				18DD6EE7238687E50050CA47 /* GradientView.swift in Sources */,
				18775EB423780A400031CFF0 /* MovieViewModel.swift in Sources */,
				18775EA92377FD6B0031CFF0 /* UPCarouselFlowLayout.swift in Sources */,
				18DD6EF62388DB0F0050CA47 /* ScheduleCell.swift in Sources */,
				18DD6EEF2387A3F20050CA47 /* SeatVC.swift in Sources */,
				18775E702377CA400031CFF0 /* SceneDelegate.swift in Sources */,
				180E44902384E3AD00A44192 /* Extension.swift in Sources */,
				18DD6EEB23879B350050CA47 /* customUITextField.swift in Sources */,
				18FAC3862395E07F0099C1FF /* WeekdaysView.swift in Sources */,
				18DD6EF12387A94D0050CA47 /* SeatCell.swift in Sources */,
				18775EB723780CDC0031CFF0 /* DataServices.swift in Sources */,
				18775EA22377CE3E0031CFF0 /* Movie.swift in Sources */,
				18E965F12397890A00499058 /* AuditoriumsApi.swift in Sources */,
				185918C1239820F400322BE6 /* Auditoriums.swift in Sources */,
				18775EA62377FC790031CFF0 /* HomeVC.swift in Sources */,
				185918C82398ED1200322BE6 /* VideoViewController.swift in Sources */,
				185918BB2397FF9A00322BE6 /* SlideMenuController.swift in Sources */,
				18A10A72237C70FC00F2B8EC /* VideoDescriptionVC.swift in Sources */,
				185918BE2398053A00322BE6 /* ProfileVC.swift in Sources */,
				18D10E57239752DE00EF5A53 /* AuthService.swift in Sources */,
				180E44D22386447100A44192 /* LoginVC.swift in Sources */,
				181F42CF2396507D00621AC8 /* Theaters.swift in Sources */,
			);
			runOnlyForDeploymentPostprocessing = 0;
		};
		18775E7C2377CA470031CFF0 /* Sources */ = {
			isa = PBXSourcesBuildPhase;
			buildActionMask = 2147483647;
			files = (
				18775E852377CA470031CFF0 /* BookingAppTests.swift in Sources */,
			);
			runOnlyForDeploymentPostprocessing = 0;
		};
		18775E872377CA470031CFF0 /* Sources */ = {
			isa = PBXSourcesBuildPhase;
			buildActionMask = 2147483647;
			files = (
				18775E902377CA470031CFF0 /* BookingAppUITests.swift in Sources */,
			);
			runOnlyForDeploymentPostprocessing = 0;
		};
/* End PBXSourcesBuildPhase section */

/* Begin PBXTargetDependency section */
		18775E822377CA470031CFF0 /* PBXTargetDependency */ = {
			isa = PBXTargetDependency;
			target = 18775E692377CA400031CFF0 /* BookingApp */;
			targetProxy = 18775E812377CA470031CFF0 /* PBXContainerItemProxy */;
		};
		18775E8D2377CA470031CFF0 /* PBXTargetDependency */ = {
			isa = PBXTargetDependency;
			target = 18775E692377CA400031CFF0 /* BookingApp */;
			targetProxy = 18775E8C2377CA470031CFF0 /* PBXContainerItemProxy */;
		};
/* End PBXTargetDependency section */

/* Begin PBXVariantGroup section */
		18775E732377CA400031CFF0 /* Main.storyboard */ = {
			isa = PBXVariantGroup;
			children = (
				18775E742377CA400031CFF0 /* Base */,
			);
			name = Main.storyboard;
			sourceTree = "<group>";
		};
		18775E782377CA470031CFF0 /* LaunchScreen.storyboard */ = {
			isa = PBXVariantGroup;
			children = (
				18775E792377CA470031CFF0 /* Base */,
			);
			name = LaunchScreen.storyboard;
			sourceTree = "<group>";
		};
/* End PBXVariantGroup section */

/* Begin XCBuildConfiguration section */
		18775E922377CA470031CFF0 /* Debug */ = {
			isa = XCBuildConfiguration;
			buildSettings = {
				ALWAYS_SEARCH_USER_PATHS = NO;
				CLANG_ANALYZER_NONNULL = YES;
				CLANG_ANALYZER_NUMBER_OBJECT_CONVERSION = YES_AGGRESSIVE;
				CLANG_CXX_LANGUAGE_STANDARD = "gnu++14";
				CLANG_CXX_LIBRARY = "libc++";
				CLANG_ENABLE_MODULES = YES;
				CLANG_ENABLE_OBJC_ARC = YES;
				CLANG_ENABLE_OBJC_WEAK = YES;
				CLANG_WARN_BLOCK_CAPTURE_AUTORELEASING = YES;
				CLANG_WARN_BOOL_CONVERSION = YES;
				CLANG_WARN_COMMA = YES;
				CLANG_WARN_CONSTANT_CONVERSION = YES;
				CLANG_WARN_DEPRECATED_OBJC_IMPLEMENTATIONS = YES;
				CLANG_WARN_DIRECT_OBJC_ISA_USAGE = YES_ERROR;
				CLANG_WARN_DOCUMENTATION_COMMENTS = YES;
				CLANG_WARN_EMPTY_BODY = YES;
				CLANG_WARN_ENUM_CONVERSION = YES;
				CLANG_WARN_INFINITE_RECURSION = YES;
				CLANG_WARN_INT_CONVERSION = YES;
				CLANG_WARN_NON_LITERAL_NULL_CONVERSION = YES;
				CLANG_WARN_OBJC_IMPLICIT_RETAIN_SELF = YES;
				CLANG_WARN_OBJC_LITERAL_CONVERSION = YES;
				CLANG_WARN_OBJC_ROOT_CLASS = YES_ERROR;
				CLANG_WARN_RANGE_LOOP_ANALYSIS = YES;
				CLANG_WARN_STRICT_PROTOTYPES = YES;
				CLANG_WARN_SUSPICIOUS_MOVE = YES;
				CLANG_WARN_UNGUARDED_AVAILABILITY = YES_AGGRESSIVE;
				CLANG_WARN_UNREACHABLE_CODE = YES;
				CLANG_WARN__DUPLICATE_METHOD_MATCH = YES;
				COPY_PHASE_STRIP = NO;
				DEBUG_INFORMATION_FORMAT = dwarf;
				ENABLE_STRICT_OBJC_MSGSEND = YES;
				ENABLE_TESTABILITY = YES;
				GCC_C_LANGUAGE_STANDARD = gnu11;
				GCC_DYNAMIC_NO_PIC = NO;
				GCC_NO_COMMON_BLOCKS = YES;
				GCC_OPTIMIZATION_LEVEL = 0;
				GCC_PREPROCESSOR_DEFINITIONS = (
					"DEBUG=1",
					"$(inherited)",
				);
				GCC_WARN_64_TO_32_BIT_CONVERSION = YES;
				GCC_WARN_ABOUT_RETURN_TYPE = YES_ERROR;
				GCC_WARN_UNDECLARED_SELECTOR = YES;
				GCC_WARN_UNINITIALIZED_AUTOS = YES_AGGRESSIVE;
				GCC_WARN_UNUSED_FUNCTION = YES;
				GCC_WARN_UNUSED_VARIABLE = YES;
				IPHONEOS_DEPLOYMENT_TARGET = 13.2;
				MTL_ENABLE_DEBUG_INFO = INCLUDE_SOURCE;
				MTL_FAST_MATH = YES;
				ONLY_ACTIVE_ARCH = YES;
				SDKROOT = iphoneos;
				SWIFT_ACTIVE_COMPILATION_CONDITIONS = DEBUG;
				SWIFT_OPTIMIZATION_LEVEL = "-Onone";
			};
			name = Debug;
		};
		18775E932377CA470031CFF0 /* Release */ = {
			isa = XCBuildConfiguration;
			buildSettings = {
				ALWAYS_SEARCH_USER_PATHS = NO;
				CLANG_ANALYZER_NONNULL = YES;
				CLANG_ANALYZER_NUMBER_OBJECT_CONVERSION = YES_AGGRESSIVE;
				CLANG_CXX_LANGUAGE_STANDARD = "gnu++14";
				CLANG_CXX_LIBRARY = "libc++";
				CLANG_ENABLE_MODULES = YES;
				CLANG_ENABLE_OBJC_ARC = YES;
				CLANG_ENABLE_OBJC_WEAK = YES;
				CLANG_WARN_BLOCK_CAPTURE_AUTORELEASING = YES;
				CLANG_WARN_BOOL_CONVERSION = YES;
				CLANG_WARN_COMMA = YES;
				CLANG_WARN_CONSTANT_CONVERSION = YES;
				CLANG_WARN_DEPRECATED_OBJC_IMPLEMENTATIONS = YES;
				CLANG_WARN_DIRECT_OBJC_ISA_USAGE = YES_ERROR;
				CLANG_WARN_DOCUMENTATION_COMMENTS = YES;
				CLANG_WARN_EMPTY_BODY = YES;
				CLANG_WARN_ENUM_CONVERSION = YES;
				CLANG_WARN_INFINITE_RECURSION = YES;
				CLANG_WARN_INT_CONVERSION = YES;
				CLANG_WARN_NON_LITERAL_NULL_CONVERSION = YES;
				CLANG_WARN_OBJC_IMPLICIT_RETAIN_SELF = YES;
				CLANG_WARN_OBJC_LITERAL_CONVERSION = YES;
				CLANG_WARN_OBJC_ROOT_CLASS = YES_ERROR;
				CLANG_WARN_RANGE_LOOP_ANALYSIS = YES;
				CLANG_WARN_STRICT_PROTOTYPES = YES;
				CLANG_WARN_SUSPICIOUS_MOVE = YES;
				CLANG_WARN_UNGUARDED_AVAILABILITY = YES_AGGRESSIVE;
				CLANG_WARN_UNREACHABLE_CODE = YES;
				CLANG_WARN__DUPLICATE_METHOD_MATCH = YES;
				COPY_PHASE_STRIP = NO;
				DEBUG_INFORMATION_FORMAT = "dwarf-with-dsym";
				ENABLE_NS_ASSERTIONS = NO;
				ENABLE_STRICT_OBJC_MSGSEND = YES;
				GCC_C_LANGUAGE_STANDARD = gnu11;
				GCC_NO_COMMON_BLOCKS = YES;
				GCC_WARN_64_TO_32_BIT_CONVERSION = YES;
				GCC_WARN_ABOUT_RETURN_TYPE = YES_ERROR;
				GCC_WARN_UNDECLARED_SELECTOR = YES;
				GCC_WARN_UNINITIALIZED_AUTOS = YES_AGGRESSIVE;
				GCC_WARN_UNUSED_FUNCTION = YES;
				GCC_WARN_UNUSED_VARIABLE = YES;
				IPHONEOS_DEPLOYMENT_TARGET = 13.2;
				MTL_ENABLE_DEBUG_INFO = NO;
				MTL_FAST_MATH = YES;
				SDKROOT = iphoneos;
				SWIFT_COMPILATION_MODE = wholemodule;
				SWIFT_OPTIMIZATION_LEVEL = "-O";
				VALIDATE_PRODUCT = YES;
			};
			name = Release;
		};
		18775E952377CA470031CFF0 /* Debug */ = {
			isa = XCBuildConfiguration;
			baseConfigurationReference = 050B8BD20B0C00D8065E23EB /* Pods-BookingApp.debug.xcconfig */;
			buildSettings = {
				ASSETCATALOG_COMPILER_APPICON_NAME = AppIcon;
				CLANG_ENABLE_MODULES = YES;
				CODE_SIGN_STYLE = Automatic;
				DEVELOPMENT_TEAM = PBBT599Q77;
				INFOPLIST_FILE = BookingApp/Info.plist;
				LD_RUNPATH_SEARCH_PATHS = (
					"$(inherited)",
					"@executable_path/Frameworks",
				);
				PRODUCT_BUNDLE_IDENTIFIER = kienphamdev.com.BookingApp;
				PRODUCT_NAME = "$(TARGET_NAME)";
				SWIFT_OPTIMIZATION_LEVEL = "-Onone";
				SWIFT_VERSION = 5.0;
				TARGETED_DEVICE_FAMILY = "1,2";
			};
			name = Debug;
		};
		18775E962377CA470031CFF0 /* Release */ = {
			isa = XCBuildConfiguration;
			baseConfigurationReference = 73112D113371777715F5F17C /* Pods-BookingApp.release.xcconfig */;
			buildSettings = {
				ASSETCATALOG_COMPILER_APPICON_NAME = AppIcon;
				CLANG_ENABLE_MODULES = YES;
				CODE_SIGN_STYLE = Automatic;
				DEVELOPMENT_TEAM = PBBT599Q77;
				INFOPLIST_FILE = BookingApp/Info.plist;
				LD_RUNPATH_SEARCH_PATHS = (
					"$(inherited)",
					"@executable_path/Frameworks",
				);
				PRODUCT_BUNDLE_IDENTIFIER = kienphamdev.com.BookingApp;
				PRODUCT_NAME = "$(TARGET_NAME)";
				SWIFT_VERSION = 5.0;
				TARGETED_DEVICE_FAMILY = "1,2";
			};
			name = Release;
		};
		18775E982377CA470031CFF0 /* Debug */ = {
			isa = XCBuildConfiguration;
			buildSettings = {
				ALWAYS_EMBED_SWIFT_STANDARD_LIBRARIES = YES;
				BUNDLE_LOADER = "$(TEST_HOST)";
				CODE_SIGN_STYLE = Automatic;
				DEVELOPMENT_TEAM = PBBT599Q77;
				INFOPLIST_FILE = BookingAppTests/Info.plist;
				IPHONEOS_DEPLOYMENT_TARGET = 13.2;
				LD_RUNPATH_SEARCH_PATHS = (
					"$(inherited)",
					"@executable_path/Frameworks",
					"@loader_path/Frameworks",
				);
				PRODUCT_BUNDLE_IDENTIFIER = kienphamdev.com.BookingAppTests;
				PRODUCT_NAME = "$(TARGET_NAME)";
				SWIFT_VERSION = 5.0;
				TARGETED_DEVICE_FAMILY = "1,2";
				TEST_HOST = "$(BUILT_PRODUCTS_DIR)/BookingApp.app/BookingApp";
			};
			name = Debug;
		};
		18775E992377CA470031CFF0 /* Release */ = {
			isa = XCBuildConfiguration;
			buildSettings = {
				ALWAYS_EMBED_SWIFT_STANDARD_LIBRARIES = YES;
				BUNDLE_LOADER = "$(TEST_HOST)";
				CODE_SIGN_STYLE = Automatic;
				DEVELOPMENT_TEAM = PBBT599Q77;
				INFOPLIST_FILE = BookingAppTests/Info.plist;
				IPHONEOS_DEPLOYMENT_TARGET = 13.2;
				LD_RUNPATH_SEARCH_PATHS = (
					"$(inherited)",
					"@executable_path/Frameworks",
					"@loader_path/Frameworks",
				);
				PRODUCT_BUNDLE_IDENTIFIER = kienphamdev.com.BookingAppTests;
				PRODUCT_NAME = "$(TARGET_NAME)";
				SWIFT_VERSION = 5.0;
				TARGETED_DEVICE_FAMILY = "1,2";
				TEST_HOST = "$(BUILT_PRODUCTS_DIR)/BookingApp.app/BookingApp";
			};
			name = Release;
		};
		18775E9B2377CA470031CFF0 /* Debug */ = {
			isa = XCBuildConfiguration;
			buildSettings = {
				ALWAYS_EMBED_SWIFT_STANDARD_LIBRARIES = YES;
				CODE_SIGN_STYLE = Automatic;
				DEVELOPMENT_TEAM = PBBT599Q77;
				INFOPLIST_FILE = BookingAppUITests/Info.plist;
				LD_RUNPATH_SEARCH_PATHS = (
					"$(inherited)",
					"@executable_path/Frameworks",
					"@loader_path/Frameworks",
				);
				PRODUCT_BUNDLE_IDENTIFIER = kienphamdev.com.BookingAppUITests;
				PRODUCT_NAME = "$(TARGET_NAME)";
				SWIFT_VERSION = 5.0;
				TARGETED_DEVICE_FAMILY = "1,2";
				TEST_TARGET_NAME = BookingApp;
			};
			name = Debug;
		};
		18775E9C2377CA470031CFF0 /* Release */ = {
			isa = XCBuildConfiguration;
			buildSettings = {
				ALWAYS_EMBED_SWIFT_STANDARD_LIBRARIES = YES;
				CODE_SIGN_STYLE = Automatic;
				DEVELOPMENT_TEAM = PBBT599Q77;
				INFOPLIST_FILE = BookingAppUITests/Info.plist;
				LD_RUNPATH_SEARCH_PATHS = (
					"$(inherited)",
					"@executable_path/Frameworks",
					"@loader_path/Frameworks",
				);
				PRODUCT_BUNDLE_IDENTIFIER = kienphamdev.com.BookingAppUITests;
				PRODUCT_NAME = "$(TARGET_NAME)";
				SWIFT_VERSION = 5.0;
				TARGETED_DEVICE_FAMILY = "1,2";
				TEST_TARGET_NAME = BookingApp;
			};
			name = Release;
		};
/* End XCBuildConfiguration section */

/* Begin XCConfigurationList section */
		18775E652377CA400031CFF0 /* Build configuration list for PBXProject "BookingApp" */ = {
			isa = XCConfigurationList;
			buildConfigurations = (
				18775E922377CA470031CFF0 /* Debug */,
				18775E932377CA470031CFF0 /* Release */,
			);
			defaultConfigurationIsVisible = 0;
			defaultConfigurationName = Release;
		};
		18775E942377CA470031CFF0 /* Build configuration list for PBXNativeTarget "BookingApp" */ = {
			isa = XCConfigurationList;
			buildConfigurations = (
				18775E952377CA470031CFF0 /* Debug */,
				18775E962377CA470031CFF0 /* Release */,
			);
			defaultConfigurationIsVisible = 0;
			defaultConfigurationName = Release;
		};
		18775E972377CA470031CFF0 /* Build configuration list for PBXNativeTarget "BookingAppTests" */ = {
			isa = XCConfigurationList;
			buildConfigurations = (
				18775E982377CA470031CFF0 /* Debug */,
				18775E992377CA470031CFF0 /* Release */,
			);
			defaultConfigurationIsVisible = 0;
			defaultConfigurationName = Release;
		};
		18775E9A2377CA470031CFF0 /* Build configuration list for PBXNativeTarget "BookingAppUITests" */ = {
			isa = XCConfigurationList;
			buildConfigurations = (
				18775E9B2377CA470031CFF0 /* Debug */,
				18775E9C2377CA470031CFF0 /* Release */,
			);
			defaultConfigurationIsVisible = 0;
			defaultConfigurationName = Release;
		};
/* End XCConfigurationList section */
	};
	rootObject = 18775E622377CA400031CFF0 /* Project object */;
}
